[[package]]
name = "bitflags"
version = "1.0.3"
source = "registry+https://github.com/rust-lang/crates.io-index"

[[package]]
name = "cc"
version = "1.0.18"
source = "registry+https://github.com/rust-lang/crates.io-index"

[[package]]
name = "cloudabi"
version = "0.0.3"
source = "registry+https://github.com/rust-lang/crates.io-index"
dependencies = [
 "bitflags 1.0.3 (registry+https://github.com/rust-lang/crates.io-index)",
]

[[package]]
name = "csv"
version = "1.0.0"
source = "registry+https://github.com/rust-lang/crates.io-index"
dependencies = [
 "csv-core 0.1.4 (registry+https://github.com/rust-lang/crates.io-index)",
 "serde 1.0.71 (registry+https://github.com/rust-lang/crates.io-index)",
]

[[package]]
name = "csv-core"
version = "0.1.4"
source = "registry+https://github.com/rust-lang/crates.io-index"
dependencies = [
 "memchr 2.0.1 (registry+https://github.com/rust-lang/crates.io-index)",
]

[[package]]
name = "execution"
version = "0.1.0"
dependencies = [
 "csv 1.0.0 (registry+https://github.com/rust-lang/crates.io-index)",
 "memmap 0.6.2 (registry+https://github.com/rust-lang/crates.io-index)",
 "rand 0.5.5 (registry+https://github.com/rust-lang/crates.io-index)",
 "serde 1.0.71 (registry+https://github.com/rust-lang/crates.io-index)",
 "serde_derive 1.0.80 (registry+https://github.com/rust-lang/crates.io-index)",
 "serde_json 1.0.32 (registry+https://github.com/rust-lang/crates.io-index)",
 "sqlite 0.23.9 (registry+https://github.com/rust-lang/crates.io-index)",
]

[[package]]
name = "fuchsia-zircon"
version = "0.3.3"
source = "registry+https://github.com/rust-lang/crates.io-index"
dependencies = [
 "bitflags 1.0.3 (registry+https://github.com/rust-lang/crates.io-index)",
 "fuchsia-zircon-sys 0.3.3 (registry+https://github.com/rust-lang/crates.io-index)",
]

[[package]]
name = "fuchsia-zircon-sys"
version = "0.3.3"
source = "registry+https://github.com/rust-lang/crates.io-index"

[[package]]
name = "itoa"
version = "0.4.3"
source = "registry+https://github.com/rust-lang/crates.io-index"

[[package]]
name = "libc"
version = "0.2.43"
source = "registry+https://github.com/rust-lang/crates.io-index"

[[package]]
name = "memchr"
version = "2.0.1"
source = "registry+https://github.com/rust-lang/crates.io-index"
dependencies = [
 "libc 0.2.43 (registry+https://github.com/rust-lang/crates.io-index)",
]

[[package]]
name = "memmap"
version = "0.6.2"
source = "registry+https://github.com/rust-lang/crates.io-index"
dependencies = [
 "libc 0.2.43 (registry+https://github.com/rust-lang/crates.io-index)",
 "winapi 0.3.5 (registry+https://github.com/rust-lang/crates.io-index)",
]

[[package]]
name = "pkg-config"
version = "0.3.13"
source = "registry+https://github.com/rust-lang/crates.io-index"

[[package]]
name = "proc-macro2"
version = "0.4.20"
source = "registry+https://github.com/rust-lang/crates.io-index"
dependencies = [
 "unicode-xid 0.1.0 (registry+https://github.com/rust-lang/crates.io-index)",
]

[[package]]
name = "quote"
version = "0.6.8"
source = "registry+https://github.com/rust-lang/crates.io-index"
dependencies = [
 "proc-macro2 0.4.20 (registry+https://github.com/rust-lang/crates.io-index)",
]

[[package]]
name = "rand"
version = "0.5.5"
source = "registry+https://github.com/rust-lang/crates.io-index"
dependencies = [
 "cloudabi 0.0.3 (registry+https://github.com/rust-lang/crates.io-index)",
 "fuchsia-zircon 0.3.3 (registry+https://github.com/rust-lang/crates.io-index)",
 "libc 0.2.43 (registry+https://github.com/rust-lang/crates.io-index)",
 "rand_core 0.2.1 (registry+https://github.com/rust-lang/crates.io-index)",
 "winapi 0.3.5 (registry+https://github.com/rust-lang/crates.io-index)",
]

[[package]]
name = "rand_core"
version = "0.2.1"
source = "registry+https://github.com/rust-lang/crates.io-index"

[[package]]
name = "ryu"
version = "0.2.6"
source = "registry+https://github.com/rust-lang/crates.io-index"

[[package]]
name = "serde"
version = "1.0.71"
source = "registry+https://github.com/rust-lang/crates.io-index"

[[package]]
name = "serde_derive"
version = "1.0.80"
source = "registry+https://github.com/rust-lang/crates.io-index"
dependencies = [
 "proc-macro2 0.4.20 (registry+https://github.com/rust-lang/crates.io-index)",
 "quote 0.6.8 (registry+https://github.com/rust-lang/crates.io-index)",
 "syn 0.15.14 (registry+https://github.com/rust-lang/crates.io-index)",
]

[[package]]
name = "serde_json"
version = "1.0.32"
source = "registry+https://github.com/rust-lang/crates.io-index"
dependencies = [
 "itoa 0.4.3 (registry+https://github.com/rust-lang/crates.io-index)",
 "ryu 0.2.6 (registry+https://github.com/rust-lang/crates.io-index)",
 "serde 1.0.71 (registry+https://github.com/rust-lang/crates.io-index)",
]

[[package]]
name = "sqlite"
version = "0.23.9"
source = "registry+https://github.com/rust-lang/crates.io-index"
dependencies = [
 "libc 0.2.43 (registry+https://github.com/rust-lang/crates.io-index)",
 "sqlite3-sys 0.12.0 (registry+https://github.com/rust-lang/crates.io-index)",
]

[[package]]
name = "sqlite3-src"
version = "0.2.10"
source = "registry+https://github.com/rust-lang/crates.io-index"
dependencies = [
 "cc 1.0.18 (registry+https://github.com/rust-lang/crates.io-index)",
 "pkg-config 0.3.13 (registry+https://github.com/rust-lang/crates.io-index)",
]

[[package]]
name = "sqlite3-sys"
version = "0.12.0"
source = "registry+https://github.com/rust-lang/crates.io-index"
dependencies = [
 "libc 0.2.43 (registry+https://github.com/rust-lang/crates.io-index)",
 "sqlite3-src 0.2.10 (registry+https://github.com/rust-lang/crates.io-index)",
]

[[package]]
name = "syn"
version = "0.15.14"
source = "registry+https://github.com/rust-lang/crates.io-index"
dependencies = [
 "proc-macro2 0.4.20 (registry+https://github.com/rust-lang/crates.io-index)",
 "quote 0.6.8 (registry+https://github.com/rust-lang/crates.io-index)",
 "unicode-xid 0.1.0 (registry+https://github.com/rust-lang/crates.io-index)",
]

[[package]]
name = "unicode-xid"
version = "0.1.0"
source = "registry+https://github.com/rust-lang/crates.io-index"

[[package]]
name = "winapi"
version = "0.3.5"
source = "registry+https://github.com/rust-lang/crates.io-index"
dependencies = [
 "winapi-i686-pc-windows-gnu 0.4.0 (registry+https://github.com/rust-lang/crates.io-index)",
 "winapi-x86_64-pc-windows-gnu 0.4.0 (registry+https://github.com/rust-lang/crates.io-index)",
]

[[package]]
name = "winapi-i686-pc-windows-gnu"
version = "0.4.0"
source = "registry+https://github.com/rust-lang/crates.io-index"

[[package]]
name = "winapi-x86_64-pc-windows-gnu"
version = "0.4.0"
source = "registry+https://github.com/rust-lang/crates.io-index"

[metadata]
"checksum bitflags 1.0.3 (registry+https://github.com/rust-lang/crates.io-index)" = "d0c54bb8f454c567f21197eefcdbf5679d0bd99f2ddbe52e84c77061952e6789"
"checksum cc 1.0.18 (registry+https://github.com/rust-lang/crates.io-index)" = "2119ea4867bd2b8ed3aecab467709720b2d55b1bcfe09f772fd68066eaf15275"
"checksum cloudabi 0.0.3 (registry+https://github.com/rust-lang/crates.io-index)" = "ddfc5b9aa5d4507acaf872de71051dfd0e309860e88966e1051e462a077aac4f"
"checksum csv 1.0.0 (registry+https://github.com/rust-lang/crates.io-index)" = "71903184af9960c555e7f3b32ff17390d20ecaaf17d4f18c4a0993f2df8a49e3"
"checksum csv-core 0.1.4 (registry+https://github.com/rust-lang/crates.io-index)" = "4dd8e6d86f7ba48b4276ef1317edc8cc36167546d8972feb4a2b5fec0b374105"
"checksum fuchsia-zircon 0.3.3 (registry+https://github.com/rust-lang/crates.io-index)" = "2e9763c69ebaae630ba35f74888db465e49e259ba1bc0eda7d06f4a067615d82"
"checksum fuchsia-zircon-sys 0.3.3 (registry+https://github.com/rust-lang/crates.io-index)" = "3dcaa9ae7725d12cdb85b3ad99a434db70b468c09ded17e012d86b5c1010f7a7"
"checksum itoa 0.4.3 (registry+https://github.com/rust-lang/crates.io-index)" = "1306f3464951f30e30d12373d31c79fbd52d236e5e896fd92f96ec7babbbe60b"
"checksum libc 0.2.43 (registry+https://github.com/rust-lang/crates.io-index)" = "76e3a3ef172f1a0b9a9ff0dd1491ae5e6c948b94479a3021819ba7d860c8645d"
"checksum memchr 2.0.1 (registry+https://github.com/rust-lang/crates.io-index)" = "796fba70e76612589ed2ce7f45282f5af869e0fdd7cc6199fa1aa1f1d591ba9d"
"checksum memmap 0.6.2 (registry+https://github.com/rust-lang/crates.io-index)" = "e2ffa2c986de11a9df78620c01eeaaf27d94d3ff02bf81bfcca953102dd0c6ff"
"checksum pkg-config 0.3.13 (registry+https://github.com/rust-lang/crates.io-index)" = "104630aa1c83213cbc76db0703630fcb0421dac3585063be4ce9a8a2feeaa745"
"checksum proc-macro2 0.4.20 (registry+https://github.com/rust-lang/crates.io-index)" = "3d7b7eaaa90b4a90a932a9ea6666c95a389e424eff347f0f793979289429feee"
"checksum quote 0.6.8 (registry+https://github.com/rust-lang/crates.io-index)" = "dd636425967c33af890042c483632d33fa7a18f19ad1d7ea72e8998c6ef8dea5"
"checksum rand 0.5.5 (registry+https://github.com/rust-lang/crates.io-index)" = "e464cd887e869cddcae8792a4ee31d23c7edd516700695608f5b98c67ee0131c"
"checksum rand_core 0.2.1 (registry+https://github.com/rust-lang/crates.io-index)" = "edecf0f94da5551fc9b492093e30b041a891657db7940ee221f9d2f66e82eef2"
"checksum ryu 0.2.6 (registry+https://github.com/rust-lang/crates.io-index)" = "7153dd96dade874ab973e098cb62fcdbb89a03682e46b144fd09550998d4a4a7"
"checksum serde 1.0.71 (registry+https://github.com/rust-lang/crates.io-index)" = "6dfad05c8854584e5f72fb859385ecdfa03af69c3fd0572f0da2d4c95f060bdb"
"checksum serde_derive 1.0.80 (registry+https://github.com/rust-lang/crates.io-index)" = "225de307c6302bec3898c51ca302fc94a7a1697ef0845fcee6448f33c032249c"
"checksum serde_json 1.0.32 (registry+https://github.com/rust-lang/crates.io-index)" = "43344e7ce05d0d8280c5940cabb4964bea626aa58b1ec0e8c73fa2a8512a38ce"
"checksum sqlite 0.23.9 (registry+https://github.com/rust-lang/crates.io-index)" = "d18d7b10278336e7fd9dc259399a0f9ff419616738b6a841b136c362e16db626"
"checksum sqlite3-src 0.2.10 (registry+https://github.com/rust-lang/crates.io-index)" = "62cd5d67c1eb94a2a019b8049f625f65ae7faee8f3c54f0197e5dbc68d5f698c"
"checksum sqlite3-sys 0.12.0 (registry+https://github.com/rust-lang/crates.io-index)" = "71fec807a1534bd13eeaaec396175d67c79bdc68df55e18a452726ec62a8fb08"
"checksum syn 0.15.14 (registry+https://github.com/rust-lang/crates.io-index)" = "baaba45c6bf60fe29aaf241fa33306c0b75c801edea8378263a8f043b09a5634"
"checksum unicode-xid 0.1.0 (registry+https://github.com/rust-lang/crates.io-index)" = "fc72304796d0818e357ead4e000d19c9c174ab23dc11093ac919054d20a6a7fc"
"checksum winapi 0.3.5 (registry+https://github.com/rust-lang/crates.io-index)" = "773ef9dcc5f24b7d850d0ff101e542ff24c3b090a9768e03ff889fdef41f00fd"
"checksum winapi-i686-pc-windows-gnu 0.4.0 (registry+https://github.com/rust-lang/crates.io-index)" = "ac3b87c63620426dd9b991e5ce0329eff545bccbbb34f3be09ff6fb6ab51b7b6"
"checksum winapi-x86_64-pc-windows-gnu 0.4.0 (registry+https://github.com/rust-lang/crates.io-index)" = "712e227841d057c1ee1cd2fb22fa7e5a5461ae8e48fa2ca79ec42cfc1931183f"
